// !$*UTF8*$!
{
	archiveVersion = 1;
	classes = {
	};
	objectVersion = 50;
	objects = {

/* Begin PBXBuildFile section */
		CECBBC5426B247F20063F421 /* MyCutApp.swift in Sources */ = {isa = PBXBuildFile; fileRef = CECBBC5326B247F20063F421 /* MyCutApp.swift */; };
		CECBBC5626B247F20063F421 /* ContentView.swift in Sources */ = {isa = PBXBuildFile; fileRef = CECBBC5526B247F20063F421 /* ContentView.swift */; };
		CECBBC5826B247F60063F421 /* Assets.xcassets in Resources */ = {isa = PBXBuildFile; fileRef = CECBBC5726B247F60063F421 /* Assets.xcassets */; };
		CECBBC5B26B247F60063F421 /* Preview Assets.xcassets in Resources */ = {isa = PBXBuildFile; fileRef = CECBBC5A26B247F60063F421 /* Preview Assets.xcassets */; };
		CECBBC6726B247F60063F421 /* MyCutTests.swift in Sources */ = {isa = PBXBuildFile; fileRef = CECBBC6626B247F60063F421 /* MyCutTests.swift */; };
		CECBBC7226B247F60063F421 /* MyCutUITests.swift in Sources */ = {isa = PBXBuildFile; fileRef = CECBBC7126B247F60063F421 /* MyCutUITests.swift */; };
/* End PBXBuildFile section */

/* Begin PBXContainerItemProxy section */
		CECBBC6326B247F60063F421 /* PBXContainerItemProxy */ = {
			isa = PBXContainerItemProxy;
			containerPortal = CECBBC4826B247F20063F421 /* Project object */;
			proxyType = 1;
			remoteGlobalIDString = CECBBC4F26B247F20063F421;
			remoteInfo = MyCut;
		};
		CECBBC6E26B247F60063F421 /* PBXContainerItemProxy */ = {
			isa = PBXContainerItemProxy;
			containerPortal = CECBBC4826B247F20063F421 /* Project object */;
			proxyType = 1;
			remoteGlobalIDString = CECBBC4F26B247F20063F421;
			remoteInfo = MyCut;
		};
/* End PBXContainerItemProxy section */

/* Begin PBXFileReference section */
		CECBBC5026B247F20063F421 /* MyCut.app */ = {isa = PBXFileReference; explicitFileType = wrapper.application; includeInIndex = 0; path = MyCut.app; sourceTree = BUILT_PRODUCTS_DIR; };
		CECBBC5326B247F20063F421 /* MyCutApp.swift */ = {isa = PBXFileReference; lastKnownFileType = sourcecode.swift; path = MyCutApp.swift; sourceTree = "<group>"; };
		CECBBC5526B247F20063F421 /* ContentView.swift */ = {isa = PBXFileReference; lastKnownFileType = sourcecode.swift; path = ContentView.swift; sourceTree = "<group>"; };
		CECBBC5726B247F60063F421 /* Assets.xcassets */ = {isa = PBXFileReference; lastKnownFileType = folder.assetcatalog; path = Assets.xcassets; sourceTree = "<group>"; };
		CECBBC5A26B247F60063F421 /* Preview Assets.xcassets */ = {isa = PBXFileReference; lastKnownFileType = folder.assetcatalog; path = "Preview Assets.xcassets"; sourceTree = "<group>"; };
		CECBBC5C26B247F60063F421 /* Info.plist */ = {isa = PBXFileReference; lastKnownFileType = text.plist.xml; path = Info.plist; sourceTree = "<group>"; };
		CECBBC5D26B247F60063F421 /* MyCut.entitlements */ = {isa = PBXFileReference; lastKnownFileType = text.plist.entitlements; path = MyCut.entitlements; sourceTree = "<group>"; };
		CECBBC6226B247F60063F421 /* MyCutTests.xctest */ = {isa = PBXFileReference; explicitFileType = wrapper.cfbundle; includeInIndex = 0; path = MyCutTests.xctest; sourceTree = BUILT_PRODUCTS_DIR; };
		CECBBC6626B247F60063F421 /* MyCutTests.swift */ = {isa = PBXFileReference; lastKnownFileType = sourcecode.swift; path = MyCutTests.swift; sourceTree = "<group>"; };
		CECBBC6826B247F60063F421 /* Info.plist */ = {isa = PBXFileReference; lastKnownFileType = text.plist.xml; path = Info.plist; sourceTree = "<group>"; };
		CECBBC6D26B247F60063F421 /* MyCutUITests.xctest */ = {isa = PBXFileReference; explicitFileType = wrapper.cfbundle; includeInIndex = 0; path = MyCutUITests.xctest; sourceTree = BUILT_PRODUCTS_DIR; };
		CECBBC7126B247F60063F421 /* MyCutUITests.swift */ = {isa = PBXFileReference; lastKnownFileType = sourcecode.swift; path = MyCutUITests.swift; sourceTree = "<group>"; };
		CECBBC7326B247F60063F421 /* Info.plist */ = {isa = PBXFileReference; lastKnownFileType = text.plist.xml; path = Info.plist; sourceTree = "<group>"; };
/* End PBXFileReference section */

/* Begin PBXFrameworksBuildPhase section */
		CECBBC4D26B247F20063F421 /* Frameworks */ = {
			isa = PBXFrameworksBuildPhase;
			buildActionMask = 2147483647;
			files = (
			);
			runOnlyForDeploymentPostprocessing = 0;
		};
		CECBBC5F26B247F60063F421 /* Frameworks */ = {
			isa = PBXFrameworksBuildPhase;
			buildActionMask = 2147483647;
			files = (
			);
			runOnlyForDeploymentPostprocessing = 0;
		};
		CECBBC6A26B247F60063F421 /* Frameworks */ = {
			isa = PBXFrameworksBuildPhase;
			buildActionMask = 2147483647;
			files = (
			);
			runOnlyForDeploymentPostprocessing = 0;
		};
/* End PBXFrameworksBuildPhase section */

/* Begin PBXGroup section */
		CECBBC4726B247F20063F421 = {
			isa = PBXGroup;
			children = (
				CECBBC5226B247F20063F421 /* MyCut */,
				CECBBC6526B247F60063F421 /* MyCutTests */,
				CECBBC7026B247F60063F421 /* MyCutUITests */,
				CECBBC5126B247F20063F421 /* Products */,
			);
			sourceTree = "<group>";
		};
		CECBBC5126B247F20063F421 /* Products */ = {
			isa = PBXGroup;
			children = (
				CECBBC5026B247F20063F421 /* MyCut.app */,
				CECBBC6226B247F60063F421 /* MyCutTests.xctest */,
				CECBBC6D26B247F60063F421 /* MyCutUITests.xctest */,
			);
			name = Products;
			sourceTree = "<group>";
		};
		CECBBC5226B247F20063F421 /* MyCut */ = {
			isa = PBXGroup;
			children = (
				CECBBC5326B247F20063F421 /* MyCutApp.swift */,
				CECBBC5526B247F20063F421 /* ContentView.swift */,
				CECBBC5726B247F60063F421 /* Assets.xcassets */,
				CECBBC5C26B247F60063F421 /* Info.plist */,
				CECBBC5D26B247F60063F421 /* MyCut.entitlements */,
				CECBBC5926B247F60063F421 /* Preview Content */,
			);
			path = MyCut;
			sourceTree = "<group>";
		};
		CECBBC5926B247F60063F421 /* Preview Content */ = {
			isa = PBXGroup;
			children = (
				CECBBC5A26B247F60063F421 /* Preview Assets.xcassets */,
			);
			path = "Preview Content";
			sourceTree = "<group>";
		};
		CECBBC6526B247F60063F421 /* MyCutTests */ = {
			isa = PBXGroup;
			children = (
				CECBBC6626B247F60063F421 /* MyCutTests.swift */,
				CECBBC6826B247F60063F421 /* Info.plist */,
			);
			path = MyCutTests;
			sourceTree = "<group>";
		};
		CECBBC7026B247F60063F421 /* MyCutUITests */ = {
			isa = PBXGroup;
			children = (
				CECBBC7126B247F60063F421 /* MyCutUITests.swift */,
				CECBBC7326B247F60063F421 /* Info.plist */,
			);
			path = MyCutUITests;
			sourceTree = "<group>";
		};
/* End PBXGroup section */

/* Begin PBXNativeTarget section */
		CECBBC4F26B247F20063F421 /* MyCut */ = {
			isa = PBXNativeTarget;
			buildConfigurationList = CECBBC7626B247F60063F421 /* Build configuration list for PBXNativeTarget "MyCut" */;
			buildPhases = (
				CECBBC4C26B247F20063F421 /* Sources */,
				CECBBC4D26B247F20063F421 /* Frameworks */,
				CECBBC4E26B247F20063F421 /* Resources */,
			);
			buildRules = (
			);
			dependencies = (
			);
			name = MyCut;
			productName = MyCut;
			productReference = CECBBC5026B247F20063F421 /* MyCut.app */;
			productType = "com.apple.product-type.application";
		};
		CECBBC6126B247F60063F421 /* MyCutTests */ = {
			isa = PBXNativeTarget;
			buildConfigurationList = CECBBC7926B247F60063F421 /* Build configuration list for PBXNativeTarget "MyCutTests" */;
			buildPhases = (
				CECBBC5E26B247F60063F421 /* Sources */,
				CECBBC5F26B247F60063F421 /* Frameworks */,
				CECBBC6026B247F60063F421 /* Resources */,
			);
			buildRules = (
			);
			dependencies = (
				CECBBC6426B247F60063F421 /* PBXTargetDependency */,
			);
			name = MyCutTests;
			productName = MyCutTests;
			productReference = CECBBC6226B247F60063F421 /* MyCutTests.xctest */;
			productType = "com.apple.product-type.bundle.unit-test";
		};
		CECBBC6C26B247F60063F421 /* MyCutUITests */ = {
			isa = PBXNativeTarget;
			buildConfigurationList = CECBBC7C26B247F60063F421 /* Build configuration list for PBXNativeTarget "MyCutUITests" */;
			buildPhases = (
				CECBBC6926B247F60063F421 /* Sources */,
				CECBBC6A26B247F60063F421 /* Frameworks */,
				CECBBC6B26B247F60063F421 /* Resources */,
			);
			buildRules = (
			);
			dependencies = (
				CECBBC6F26B247F60063F421 /* PBXTargetDependency */,
			);
			name = MyCutUITests;
			productName = MyCutUITests;
			productReference = CECBBC6D26B247F60063F421 /* MyCutUITests.xctest */;
			productType = "com.apple.product-type.bundle.ui-testing";
		};
/* End PBXNativeTarget section */

/* Begin PBXProject section */
		CECBBC4826B247F20063F421 /* Project object */ = {
			isa = PBXProject;
			attributes = {
				LastSwiftUpdateCheck = 1250;
				LastUpgradeCheck = 1250;
				TargetAttributes = {
					CECBBC4F26B247F20063F421 = {
						CreatedOnToolsVersion = 12.5.1;
					};
					CECBBC6126B247F60063F421 = {
						CreatedOnToolsVersion = 12.5.1;
						TestTargetID = CECBBC4F26B247F20063F421;
					};
					CECBBC6C26B247F60063F421 = {
						CreatedOnToolsVersion = 12.5.1;
						TestTargetID = CECBBC4F26B247F20063F421;
					};
				};
			};
			buildConfigurationList = CECBBC4B26B247F20063F421 /* Build configuration list for PBXProject "MyCut" */;
			compatibilityVersion = "Xcode 9.3";
			developmentRegion = en;
			hasScannedForEncodings = 0;
			knownRegions = (
				en,
				Base,
			);
			mainGroup = CECBBC4726B247F20063F421;
			productRefGroup = CECBBC5126B247F20063F421 /* Products */;
			projectDirPath = "";
			projectRoot = "";
			targets = (
				CECBBC4F26B247F20063F421 /* MyCut */,
				CECBBC6126B247F60063F421 /* MyCutTests */,
				CECBBC6C26B247F60063F421 /* MyCutUITests */,
			);
		};
/* End PBXProject section */

/* Begin PBXResourcesBuildPhase section */
		CECBBC4E26B247F20063F421 /* Resources */ = {
			isa = PBXResourcesBuildPhase;
			buildActionMask = 2147483647;
			files = (
				CECBBC5B26B247F60063F421 /* Preview Assets.xcassets in Resources */,
				CECBBC5826B247F60063F421 /* Assets.xcassets in Resources */,
			);
			runOnlyForDeploymentPostprocessing = 0;
		};
		CECBBC6026B247F60063F421 /* Resources */ = {
			isa = PBXResourcesBuildPhase;
			buildActionMask = 2147483647;
			files = (
			);
			runOnlyForDeploymentPostprocessing = 0;
		};
		CECBBC6B26B247F60063F421 /* Resources */ = {
			isa = PBXResourcesBuildPhase;
			buildActionMask = 2147483647;
			files = (
			);
			runOnlyForDeploymentPostprocessing = 0;
		};
/* End PBXResourcesBuildPhase section */

/* Begin PBXSourcesBuildPhase section */
		CECBBC4C26B247F20063F421 /* Sources */ = {
			isa = PBXSourcesBuildPhase;
			buildActionMask = 2147483647;
			files = (
				CECBBC5626B247F20063F421 /* ContentView.swift in Sources */,
				CECBBC5426B247F20063F421 /* MyCutApp.swift in Sources */,
			);
			runOnlyForDeploymentPostprocessing = 0;
		};
		CECBBC5E26B247F60063F421 /* Sources */ = {
			isa = PBXSourcesBuildPhase;
			buildActionMask = 2147483647;
			files = (
				CECBBC6726B247F60063F421 /* MyCutTests.swift in Sources */,
			);
			runOnlyForDeploymentPostprocessing = 0;
		};
		CECBBC6926B247F60063F421 /* Sources */ = {
			isa = PBXSourcesBuildPhase;
			buildActionMask = 2147483647;
			files = (
				CECBBC7226B247F60063F421 /* MyCutUITests.swift in Sources */,
			);
			runOnlyForDeploymentPostprocessing = 0;
		};
/* End PBXSourcesBuildPhase section */

/* Begin PBXTargetDependency section */
		CECBBC6426B247F60063F421 /* PBXTargetDependency */ = {
			isa = PBXTargetDependency;
			target = CECBBC4F26B247F20063F421 /* MyCut */;
			targetProxy = CECBBC6326B247F60063F421 /* PBXContainerItemProxy */;
		};
		CECBBC6F26B247F60063F421 /* PBXTargetDependency */ = {
			isa = PBXTargetDependency;
			target = CECBBC4F26B247F20063F421 /* MyCut */;
			targetProxy = CECBBC6E26B247F60063F421 /* PBXContainerItemProxy */;
		};
/* End PBXTargetDependency section */

/* Begin XCBuildConfiguration section */
		CECBBC7426B247F60063F421 /* Debug */ = {
			isa = XCBuildConfiguration;
			buildSettings = {
				ALWAYS_SEARCH_USER_PATHS = NO;
				CLANG_ANALYZER_NONNULL = YES;
				CLANG_ANALYZER_NUMBER_OBJECT_CONVERSION = YES_AGGRESSIVE;
				CLANG_CXX_LANGUAGE_STANDARD = "gnu++14";
				CLANG_CXX_LIBRARY = "libc++";
				CLANG_ENABLE_MODULES = YES;
				CLANG_ENABLE_OBJC_ARC = YES;
				CLANG_ENABLE_OBJC_WEAK = YES;
				CLANG_WARN_BLOCK_CAPTURE_AUTORELEASING = YES;
				CLANG_WARN_BOOL_CONVERSION = YES;
				CLANG_WARN_COMMA = YES;
				CLANG_WARN_CONSTANT_CONVERSION = YES;
				CLANG_WARN_DEPRECATED_OBJC_IMPLEMENTATIONS = YES;
				CLANG_WARN_DIRECT_OBJC_ISA_USAGE = YES_ERROR;
				CLANG_WARN_DOCUMENTATION_COMMENTS = YES;
				CLANG_WARN_EMPTY_BODY = YES;
				CLANG_WARN_ENUM_CONVERSION = YES;
				CLANG_WARN_INFINITE_RECURSION = YES;
				CLANG_WARN_INT_CONVERSION = YES;
				CLANG_WARN_NON_LITERAL_NULL_CONVERSION = YES;
				CLANG_WARN_OBJC_IMPLICIT_RETAIN_SELF = YES;
				CLANG_WARN_OBJC_LITERAL_CONVERSION = YES;
				CLANG_WARN_OBJC_ROOT_CLASS = YES_ERROR;
				CLANG_WARN_QUOTED_INCLUDE_IN_FRAMEWORK_HEADER = YES;
				CLANG_WARN_RANGE_LOOP_ANALYSIS = YES;
				CLANG_WARN_STRICT_PROTOTYPES = YES;
				CLANG_WARN_SUSPICIOUS_MOVE = YES;
				CLANG_WARN_UNGUARDED_AVAILABILITY = YES_AGGRESSIVE;
				CLANG_WARN_UNREACHABLE_CODE = YES;
				CLANG_WARN__DUPLICATE_METHOD_MATCH = YES;
				COPY_PHASE_STRIP = NO;
				DEBUG_INFORMATION_FORMAT = dwarf;
				ENABLE_STRICT_OBJC_MSGSEND = YES;
				ENABLE_TESTABILITY = YES;
				GCC_C_LANGUAGE_STANDARD = gnu11;
				GCC_DYNAMIC_NO_PIC = NO;
				GCC_NO_COMMON_BLOCKS = YES;
				GCC_OPTIMIZATION_LEVEL = 0;
				GCC_PREPROCESSOR_DEFINITIONS = (
					"DEBUG=1",
					"$(inherited)",
				);
				GCC_WARN_64_TO_32_BIT_CONVERSION = YES;
				GCC_WARN_ABOUT_RETURN_TYPE = YES_ERROR;
				GCC_WARN_UNDECLARED_SELECTOR = YES;
				GCC_WARN_UNINITIALIZED_AUTOS = YES_AGGRESSIVE;
				GCC_WARN_UNUSED_FUNCTION = YES;
				GCC_WARN_UNUSED_VARIABLE = YES;
				MACOSX_DEPLOYMENT_TARGET = 11.3;
				MTL_ENABLE_DEBUG_INFO = INCLUDE_SOURCE;
				MTL_FAST_MATH = YES;
				ONLY_ACTIVE_ARCH = YES;
				SDKROOT = macosx;
				SWIFT_ACTIVE_COMPILATION_CONDITIONS = DEBUG;
				SWIFT_OPTIMIZATION_LEVEL = "-Onone";
			};
			name = Debug;
		};
		CECBBC7526B247F60063F421 /* Release */ = {
			isa = XCBuildConfiguration;
			buildSettings = {
				ALWAYS_SEARCH_USER_PATHS = NO;
				CLANG_ANALYZER_NONNULL = YES;
				CLANG_ANALYZER_NUMBER_OBJECT_CONVERSION = YES_AGGRESSIVE;
				CLANG_CXX_LANGUAGE_STANDARD = "gnu++14";
				CLANG_CXX_LIBRARY = "libc++";
				CLANG_ENABLE_MODULES = YES;
				CLANG_ENABLE_OBJC_ARC = YES;
				CLANG_ENABLE_OBJC_WEAK = YES;
				CLANG_WARN_BLOCK_CAPTURE_AUTORELEASING = YES;
				CLANG_WARN_BOOL_CONVERSION = YES;
				CLANG_WARN_COMMA = YES;
				CLANG_WARN_CONSTANT_CONVERSION = YES;
				CLANG_WARN_DEPRECATED_OBJC_IMPLEMENTATIONS = YES;
				CLANG_WARN_DIRECT_OBJC_ISA_USAGE = YES_ERROR;
				CLANG_WARN_DOCUMENTATION_COMMENTS = YES;
				CLANG_WARN_EMPTY_BODY = YES;
				CLANG_WARN_ENUM_CONVERSION = YES;
				CLANG_WARN_INFINITE_RECURSION = YES;
				CLANG_WARN_INT_CONVERSION = YES;
				CLANG_WARN_NON_LITERAL_NULL_CONVERSION = YES;
				CLANG_WARN_OBJC_IMPLICIT_RETAIN_SELF = YES;
				CLANG_WARN_OBJC_LITERAL_CONVERSION = YES;
				CLANG_WARN_OBJC_ROOT_CLASS = YES_ERROR;
				CLANG_WARN_QUOTED_INCLUDE_IN_FRAMEWORK_HEADER = YES;
				CLANG_WARN_RANGE_LOOP_ANALYSIS = YES;
				CLANG_WARN_STRICT_PROTOTYPES = YES;
				CLANG_WARN_SUSPICIOUS_MOVE = YES;
				CLANG_WARN_UNGUARDED_AVAILABILITY = YES_AGGRESSIVE;
				CLANG_WARN_UNREACHABLE_CODE = YES;
				CLANG_WARN__DUPLICATE_METHOD_MATCH = YES;
				COPY_PHASE_STRIP = NO;
				DEBUG_INFORMATION_FORMAT = "dwarf-with-dsym";
				ENABLE_NS_ASSERTIONS = NO;
				ENABLE_STRICT_OBJC_MSGSEND = YES;
				GCC_C_LANGUAGE_STANDARD = gnu11;
				GCC_NO_COMMON_BLOCKS = YES;
				GCC_WARN_64_TO_32_BIT_CONVERSION = YES;
				GCC_WARN_ABOUT_RETURN_TYPE = YES_ERROR;
				GCC_WARN_UNDECLARED_SELECTOR = YES;
				GCC_WARN_UNINITIALIZED_AUTOS = YES_AGGRESSIVE;
				GCC_WARN_UNUSED_FUNCTION = YES;
				GCC_WARN_UNUSED_VARIABLE = YES;
				MACOSX_DEPLOYMENT_TARGET = 11.3;
				MTL_ENABLE_DEBUG_INFO = NO;
				MTL_FAST_MATH = YES;
				SDKROOT = macosx;
				SWIFT_COMPILATION_MODE = wholemodule;
				SWIFT_OPTIMIZATION_LEVEL = "-O";
			};
			name = Release;
		};
		CECBBC7726B247F60063F421 /* Debug */ = {
			isa = XCBuildConfiguration;
			buildSettings = {
				ASSETCATALOG_COMPILER_APPICON_NAME = AppIcon;
				ASSETCATALOG_COMPILER_GLOBAL_ACCENT_COLOR_NAME = AccentColor;
				CODE_SIGN_ENTITLEMENTS = MyCut/MyCut.entitlements;
				CODE_SIGN_STYLE = Automatic;
				COMBINE_HIDPI_IMAGES = YES;
				DEVELOPMENT_ASSET_PATHS = "\"MyCut/Preview Content\"";
				DEVELOPMENT_TEAM = 8S5W7GALQX;
				ENABLE_HARDENED_RUNTIME = YES;
				ENABLE_PREVIEWS = YES;
				INFOPLIST_FILE = MyCut/Info.plist;
				LD_RUNPATH_SEARCH_PATHS = (
					"$(inherited)",
					"@executable_path/../Frameworks",
				);
				MACOSX_DEPLOYMENT_TARGET = 11.0;
				PRODUCT_BUNDLE_IDENTIFIER = leavelet.MyCut;
				PRODUCT_NAME = "$(TARGET_NAME)";
				SWIFT_VERSION = 5.0;
			};
			name = Debug;
		};
		CECBBC7826B247F60063F421 /* Release */ = {
			isa = XCBuildConfiguration;
			buildSettings = {
				ASSETCATALOG_COMPILER_APPICON_NAME = AppIcon;
				ASSETCATALOG_COMPILER_GLOBAL_ACCENT_COLOR_NAME = AccentColor;
				CODE_SIGN_ENTITLEMENTS = MyCut/MyCut.entitlements;
				CODE_SIGN_STYLE = Automatic;
				COMBINE_HIDPI_IMAGES = YES;
				DEVELOPMENT_ASSET_PATHS = "\"MyCut/Preview Content\"";
				DEVELOPMENT_TEAM = 8S5W7GALQX;
				ENABLE_HARDENED_RUNTIME = YES;
				ENABLE_PREVIEWS = YES;
				INFOPLIST_FILE = MyCut/Info.plist;
				LD_RUNPATH_SEARCH_PATHS = (
					"$(inherited)",
					"@executable_path/../Frameworks",
				);
				MACOSX_DEPLOYMENT_TARGET = 11.0;
				PRODUCT_BUNDLE_IDENTIFIER = leavelet.MyCut;
				PRODUCT_NAME = "$(TARGET_NAME)";
				SWIFT_VERSION = 5.0;
			};
			name = Release;
		};
		CECBBC7A26B247F60063F421 /* Debug */ = {
			isa = XCBuildConfiguration;
			buildSettings = {
				ALWAYS_EMBED_SWIFT_STANDARD_LIBRARIES = YES;
				BUNDLE_LOADER = "$(TEST_HOST)";
				CODE_SIGN_STYLE = Automatic;
				COMBINE_HIDPI_IMAGES = YES;
				DEVELOPMENT_TEAM = 8S5W7GALQX;
				INFOPLIST_FILE = MyCutTests/Info.plist;
				LD_RUNPATH_SEARCH_PATHS = (
					"$(inherited)",
					"@executable_path/../Frameworks",
					"@loader_path/../Frameworks",
				);
				MACOSX_DEPLOYMENT_TARGET = 11.0;
				PRODUCT_BUNDLE_IDENTIFIER = leavelet.MyCutTests;
				PRODUCT_NAME = "$(TARGET_NAME)";
				SWIFT_VERSION = 5.0;
				TEST_HOST = "$(BUILT_PRODUCTS_DIR)/MyCut.app/Contents/MacOS/MyCut";
			};
			name = Debug;
		};
		CECBBC7B26B247F60063F421 /* Release */ = {
			isa = XCBuildConfiguration;
			buildSettings = {
				ALWAYS_EMBED_SWIFT_STANDARD_LIBRARIES = YES;
				BUNDLE_LOADER = "$(TEST_HOST)";
				CODE_SIGN_STYLE = Automatic;
				COMBINE_HIDPI_IMAGES = YES;
				DEVELOPMENT_TEAM = 8S5W7GALQX;
				INFOPLIST_FILE = MyCutTests/Info.plist;
				LD_RUNPATH_SEARCH_PATHS = (
					"$(inherited)",
					"@executable_path/../Frameworks",
					"@loader_path/../Frameworks",
				);
				MACOSX_DEPLOYMENT_TARGET = 11.0;
				PRODUCT_BUNDLE_IDENTIFIER = leavelet.MyCutTests;
				PRODUCT_NAME = "$(TARGET_NAME)";
				SWIFT_VERSION = 5.0;
				TEST_HOST = "$(BUILT_PRODUCTS_DIR)/MyCut.app/Contents/MacOS/MyCut";
			};
			name = Release;
		};
		CECBBC7D26B247F60063F421 /* Debug */ = {
			isa = XCBuildConfiguration;
			buildSettings = {
				ALWAYS_EMBED_SWIFT_STANDARD_LIBRARIES = YES;
				CODE_SIGN_STYLE = Automatic;
				COMBINE_HIDPI_IMAGES = YES;
				DEVELOPMENT_TEAM = 8S5W7GALQX;
				INFOPLIST_FILE = MyCutUITests/Info.plist;
				LD_RUNPATH_SEARCH_PATHS = (
					"$(inherited)",
					"@executable_path/../Frameworks",
					"@loader_path/../Frameworks",
				);
				PRODUCT_BUNDLE_IDENTIFIER = leavelet.MyCutUITests;
				PRODUCT_NAME = "$(TARGET_NAME)";
				SWIFT_VERSION = 5.0;
				TEST_TARGET_NAME = MyCut;
			};
			name = Debug;
		};
		CECBBC7E26B247F60063F421 /* Release */ = {
			isa = XCBuildConfiguration;
			buildSettings = {
				ALWAYS_EMBED_SWIFT_STANDARD_LIBRARIES = YES;
				CODE_SIGN_STYLE = Automatic;
				COMBINE_HIDPI_IMAGES = YES;
				DEVELOPMENT_TEAM = 8S5W7GALQX;
				INFOPLIST_FILE = MyCutUITests/Info.plist;
				LD_RUNPATH_SEARCH_PATHS = (
					"$(inherited)",
					"@executable_path/../Frameworks",
					"@loader_path/../Frameworks",
				);
				PRODUCT_BUNDLE_IDENTIFIER = leavelet.MyCutUITests;
				PRODUCT_NAME = "$(TARGET_NAME)";
				SWIFT_VERSION = 5.0;
				TEST_TARGET_NAME = MyCut;
			};
			name = Release;
		};
/* End XCBuildConfiguration section */

/* Begin XCConfigurationList section */
		CECBBC4B26B247F20063F421 /* Build configuration list for PBXProject "MyCut" */ = {
			isa = XCConfigurationList;
			buildConfigurations = (
				CECBBC7426B247F60063F421 /* Debug */,
				CECBBC7526B247F60063F421 /* Release */,
			);
			defaultConfigurationIsVisible = 0;
			defaultConfigurationName = Release;
		};
		CECBBC7626B247F60063F421 /* Build configuration list for PBXNativeTarget "MyCut" */ = {
			isa = XCConfigurationList;
			buildConfigurations = (
				CECBBC7726B247F60063F421 /* Debug */,
				CECBBC7826B247F60063F421 /* Release */,
			);
			defaultConfigurationIsVisible = 0;
			defaultConfigurationName = Release;
		};
		CECBBC7926B247F60063F421 /* Build configuration list for PBXNativeTarget "MyCutTests" */ = {
			isa = XCConfigurationList;
			buildConfigurations = (
				CECBBC7A26B247F60063F421 /* Debug */,
				CECBBC7B26B247F60063F421 /* Release */,
			);
			defaultConfigurationIsVisible = 0;
			defaultConfigurationName = Release;
		};
		CECBBC7C26B247F60063F421 /* Build configuration list for PBXNativeTarget "MyCutUITests" */ = {
			isa = XCConfigurationList;
			buildConfigurations = (
				CECBBC7D26B247F60063F421 /* Debug */,
				CECBBC7E26B247F60063F421 /* Release */,
			);
			defaultConfigurationIsVisible = 0;
			defaultConfigurationName = Release;
		};
/* End XCConfigurationList section */
	};
	rootObject = CECBBC4826B247F20063F421 /* Project object */;
}
